
Microsoft Visual Studio Solution File, Format Version 12.00
# Visual Studio Version 16
VisualStudioVersion = 16.0.32630.194
MinimumVisualStudioVersion = 10.0.40219.1
Project("{9A19103F-16F7-4668-BE54-9A1E7A4F7556}") = "CT.Lab3.CommonCode", "CT.Lab3.CommonCode\CT.Lab3.CommonCode.csproj", "{7B472797-E8B2-41A3-BCD2-F83AD3ABAB87}"
EndProject
Project("{9A19103F-16F7-4668-BE54-9A1E7A4F7556}") = "CT.Lab3.Go", "CT.Lab3.Go\CT.Lab3.Go.csproj", "{E62D53AA-0142-47D3-A868-766517FE63CC}"
EndProject
Project("{9A19103F-16F7-4668-BE54-9A1E7A4F7556}") = "CT.Lab3.Go.Tests", "CT.Lab3.Go.Tests\CT.Lab3.Go.Tests.csproj", "{073DF26B-B2A3-4112-AA6B-B1C7087F118C}"
EndProject
Global
	GlobalSection(SolutionConfigurationPlatforms) = preSolution
		Debug|Any CPU = Debug|Any CPU
		Release|Any CPU = Release|Any CPU
	EndGlobalSection
	GlobalSection(ProjectConfigurationPlatforms) = postSolution
		{7B472797-E8B2-41A3-BCD2-F83AD3ABAB87}.Debug|Any CPU.ActiveCfg = Debug|Any CPU
		{7B472797-E8B2-41A3-BCD2-F83AD3ABAB87}.Debug|Any CPU.Build.0 = Debug|Any CPU
		{7B472797-E8B2-41A3-BCD2-F83AD3ABAB87}.Release|Any CPU.ActiveCfg = Release|Any CPU
		{7B472797-E8B2-41A3-BCD2-F83AD3ABAB87}.Release|Any CPU.Build.0 = Release|Any CPU
		{E62D53AA-0142-47D3-A868-766517FE63CC}.Debug|Any CPU.ActiveCfg = Debug|Any CPU
		{E62D53AA-0142-47D3-A868-766517FE63CC}.Debug|Any CPU.Build.0 = Debug|Any CPU
		{E62D53AA-0142-47D3-A868-766517FE63CC}.Release|Any CPU.ActiveCfg = Release|Any CPU
		{E62D53AA-0142-47D3-A868-766517FE63CC}.Release|Any CPU.Build.0 = Release|Any CPU
		{073DF26B-B2A3-4112-AA6B-B1C7087F118C}.Debug|Any CPU.ActiveCfg = Debug|Any CPU
		{073DF26B-B2A3-4112-AA6B-B1C7087F118C}.Debug|Any CPU.Build.0 = Debug|Any CPU
		{073DF26B-B2A3-4112-AA6B-B1C7087F118C}.Release|Any CPU.ActiveCfg = Release|Any CPU
		{073DF26B-B2A3-4112-AA6B-B1C7087F118C}.Release|Any CPU.Build.0 = Release|Any CPU
	EndGlobalSection
	GlobalSection(SolutionProperties) = preSolution
		HideSolutionNode = FALSE
	EndGlobalSection
	GlobalSection(ExtensibilityGlobals) = postSolution
		SolutionGuid = {733906BD-E412-4D11-9655-4A49DF671C16}
	EndGlobalSection
EndGlobal
